speakeasyVersion: 1.509.1
sources:
    Esv-OAS:
        sourceNamespace: esv-org-api
        sourceRevisionDigest: sha256:a3267316e2219ebc31fa495f9c77dccdcbb131df3a38f1e5cd05e2f5c43c6904
        sourceBlobDigest: sha256:aa45a5cd72f8b25ef3d411e18de9bdf59ec407dc833b577731a8a09e6722977c
        tags:
            - latest
            - speakeasy-sdk-regen-1740606986
targets:
    esv:
        source: Esv-OAS
        sourceNamespace: esv-org-api
        sourceRevisionDigest: sha256:a3267316e2219ebc31fa495f9c77dccdcbb131df3a38f1e5cd05e2f5c43c6904
        sourceBlobDigest: sha256:aa45a5cd72f8b25ef3d411e18de9bdf59ec407dc833b577731a8a09e6722977c
        codeSamplesNamespace: esv-oas-go-code-samples
        codeSamplesRevisionDigest: sha256:dc0e5727f5f75cfe0dc435f8c92ff74a2417708a75a48a6fded9c8daaac883ff
workflow:
    workflowVersion: 1.0.0
    speakeasyVersion: latest
    sources:
        Esv-OAS:
            inputs:
                - location: registry.speakeasyapi.dev/walker/esv/esv-org-api:main
            registry:
                location: registry.speakeasyapi.dev/walker/esv/esv-oas
    targets:
        esv:
            target: go
            source: Esv-OAS
            codeSamples:
                registry:
                    location: registry.speakeasyapi.dev/walker/esv/esv-oas-go-code-samples
                labelOverride:
                    fixedValue: Go (SDK)
                blocking: false
