speakeasyVersion: 1.763.2
sources:
    Esv-OAS:
        sourceNamespace: esv-org-api
        sourceRevisionDigest: sha256:a9b4671498f7d6ee1235ec96141feea04c2ceae57776b4d9db18a53fae2fa7b4
        sourceBlobDigest: sha256:317edf49c614f66a5c2512cdb81bf892475de71a8676771b3b4f04b67cbd0261
        tags:
            - latest
targets:
    esv:
        source: Esv-OAS
        sourceNamespace: esv-org-api
        sourceRevisionDigest: sha256:a9b4671498f7d6ee1235ec96141feea04c2ceae57776b4d9db18a53fae2fa7b4
        sourceBlobDigest: sha256:317edf49c614f66a5c2512cdb81bf892475de71a8676771b3b4f04b67cbd0261
        codeSamplesNamespace: esv-oas-go-code-samples
        codeSamplesRevisionDigest: sha256:1130251f75f8082203895a3bd7c243df1a42691237df5969744567ba958c49a9
workflow:
    workflowVersion: 1.0.0
    speakeasyVersion: latest
    sources:
        Esv-OAS:
            inputs:
                - location: registry.speakeasyapi.dev/walker/esv/esv-org-api:main
            registry:
                location: registry.speakeasyapi.dev/walker/esv/esv-oas
    targets:
        esv:
            target: go
            source: Esv-OAS
            codeSamples:
                registry:
                    location: registry.speakeasyapi.dev/walker/esv/esv-oas-go-code-samples
                labelOverride:
                    fixedValue: Go (SDK)
                blocking: false
